
Microsoft Visual Studio Solution File, Format Version 12.00
# Visual Studio Version 17
VisualStudioVersion = 17.13.35913.81 d17.13
MinimumVisualStudioVersion = 10.0.40219.1
Project("{FAE04EC0-301F-11D3-BF4B-00C04F79EFBC}") = "CoinFlip", "CoinFlip\CoinFlip.csproj", "{7561FF0E-CC12-42E9-9248-3103F5CF28A4}"
EndProject
Global
	GlobalSection(SolutionConfigurationPlatforms) = preSolution
		Debug|Any CPU = Debug|Any CPU
		Release|Any CPU = Release|Any CPU
	EndGlobalSection
	GlobalSection(ProjectConfigurationPlatforms) = postSolution
		{7561FF0E-CC12-42E9-9248-3103F5CF28A4}.Debug|Any CPU.ActiveCfg = Debug|Any CPU
		{7561FF0E-CC12-42E9-9248-3103F5CF28A4}.Debug|Any CPU.Build.0 = Debug|Any CPU
		{7561FF0E-CC12-42E9-9248-3103F5CF28A4}.Debug|Any CPU.Deploy.0 = Debug|Any CPU
		{7561FF0E-CC12-42E9-9248-3103F5CF28A4}.Release|Any CPU.ActiveCfg = Release|Any CPU
		{7561FF0E-CC12-42E9-9248-3103F5CF28A4}.Release|Any CPU.Build.0 = Release|Any CPU
		{7561FF0E-CC12-42E9-9248-3103F5CF28A4}.Release|Any CPU.Deploy.0 = Release|Any CPU
	EndGlobalSection
	GlobalSection(SolutionProperties) = preSolution
		HideSolutionNode = FALSE
	EndGlobalSection
	GlobalSection(ExtensibilityGlobals) = postSolution
		SolutionGuid = {A13D8C92-0056-4DAA-82A5-3B33B2523C0C}
	EndGlobalSection
EndGlobal
